
Microsoft Visual Studio Solution File, Format Version 12.00
# Visual Studio Version 17
VisualStudioVersion = 17.14.36623.8 d17.14
MinimumVisualStudioVersion = 10.0.40219.1
Project("{FAE04EC0-301F-11D3-BF4B-00C04F79EFBC}") = "Topic 3 Animation", "Topic 3 Animation\Topic 3 Animation.csproj", "{B782744A-B40A-4A36-843F-E52DA8D4475E}"
EndProject
Global
	GlobalSection(SolutionConfigurationPlatforms) = preSolution
		Debug|Any CPU = Debug|Any CPU
		Release|Any CPU = Release|Any CPU
	EndGlobalSection
	GlobalSection(ProjectConfigurationPlatforms) = postSolution
		{B782744A-B40A-4A36-843F-E52DA8D4475E}.Debug|Any CPU.ActiveCfg = Debug|Any CPU
		{B782744A-B40A-4A36-843F-E52DA8D4475E}.Debug|Any CPU.Build.0 = Debug|Any CPU
		{B782744A-B40A-4A36-843F-E52DA8D4475E}.Release|Any CPU.ActiveCfg = Release|Any CPU
		{B782744A-B40A-4A36-843F-E52DA8D4475E}.Release|Any CPU.Build.0 = Release|Any CPU
	EndGlobalSection
	GlobalSection(SolutionProperties) = preSolution
		HideSolutionNode = FALSE
	EndGlobalSection
	GlobalSection(ExtensibilityGlobals) = postSolution
		SolutionGuid = {2594F693-FA1B-498F-A08B-75157C22ABEC}
	EndGlobalSection
EndGlobal
